{
    "name": "toggle-comment-context-menu",
    "version": "0.1.2",
    "lockfileVersion": 3,
    "requires": true,
    "packages": {
        "": {
            "name": "toggle-comment-context-menu",
            "version": "0.1.2",
            "license": "GPL-3.0",
            "engines": {
                "vscode": "^1.0.0"
            }
        }
    }
}
